
Microsoft Visual Studio Solution File, Format Version 12.00
# Visual Studio Version 16
VisualStudioVersion = 16.0.29411.108
MinimumVisualStudioVersion = 10.0.40219.1
Project("{9A19103F-16F7-4668-BE54-9A1E7A4F7556}") = "FileWorkerService", "FileWorkerService\FileWorkerService.csproj", "{1580A091-2BD8-4C61-908A-40D8E5A99FDE}"
EndProject
Project("{9A19103F-16F7-4668-BE54-9A1E7A4F7556}") = "Log4NetLoggerService", "Log4NetLoggerService\Log4NetLoggerService.csproj", "{48034C4F-2297-4C81-A6D0-62E06F5000FB}"
EndProject
Project("{2150E333-8FDC-42A3-9474-1A3956D46DE8}") = "CS", "CS", "{58C9FDF0-4BFB-4FAE-9EF6-634F531B4611}"
	ProjectSection(SolutionItems) = preProject
		SC\install.cmd = SC\install.cmd
		SC\start.cmd = SC\start.cmd
		SC\stop.cmd = SC\stop.cmd
		SC\uninstall.cmd = SC\uninstall.cmd
	EndProjectSection
EndProject
Project("{9A19103F-16F7-4668-BE54-9A1E7A4F7556}") = "CofigurationService", "CofigurationService\CofigurationService.csproj", "{68145EB9-F260-434A-A3CE-CF15A359D880}"
EndProject
Project("{9A19103F-16F7-4668-BE54-9A1E7A4F7556}") = "FileProcessService", "FileProcessService\FileProcessService.csproj", "{7D367343-508E-48EB-B6E5-11E3F17932BE}"
EndProject
Project("{9A19103F-16F7-4668-BE54-9A1E7A4F7556}") = "ConfigurationService.Tests", "ConfigurationService.Tests\ConfigurationService.Tests.csproj", "{B0F792CE-B697-4652-A8B9-8AF086B89717}"
EndProject
Global
	GlobalSection(SolutionConfigurationPlatforms) = preSolution
		Debug|Any CPU = Debug|Any CPU
		Debug|x64 = Debug|x64
		Release|Any CPU = Release|Any CPU
		Release|x64 = Release|x64
	EndGlobalSection
	GlobalSection(ProjectConfigurationPlatforms) = postSolution
		{1580A091-2BD8-4C61-908A-40D8E5A99FDE}.Debug|Any CPU.ActiveCfg = Debug|Any CPU
		{1580A091-2BD8-4C61-908A-40D8E5A99FDE}.Debug|Any CPU.Build.0 = Debug|Any CPU
		{1580A091-2BD8-4C61-908A-40D8E5A99FDE}.Debug|x64.ActiveCfg = Debug|Any CPU
		{1580A091-2BD8-4C61-908A-40D8E5A99FDE}.Debug|x64.Build.0 = Debug|Any CPU
		{1580A091-2BD8-4C61-908A-40D8E5A99FDE}.Release|Any CPU.ActiveCfg = Release|Any CPU
		{1580A091-2BD8-4C61-908A-40D8E5A99FDE}.Release|Any CPU.Build.0 = Release|Any CPU
		{1580A091-2BD8-4C61-908A-40D8E5A99FDE}.Release|x64.ActiveCfg = Release|Any CPU
		{1580A091-2BD8-4C61-908A-40D8E5A99FDE}.Release|x64.Build.0 = Release|Any CPU
		{48034C4F-2297-4C81-A6D0-62E06F5000FB}.Debug|Any CPU.ActiveCfg = Debug|Any CPU
		{48034C4F-2297-4C81-A6D0-62E06F5000FB}.Debug|Any CPU.Build.0 = Debug|Any CPU
		{48034C4F-2297-4C81-A6D0-62E06F5000FB}.Debug|x64.ActiveCfg = Debug|x64
		{48034C4F-2297-4C81-A6D0-62E06F5000FB}.Debug|x64.Build.0 = Debug|x64
		{48034C4F-2297-4C81-A6D0-62E06F5000FB}.Release|Any CPU.ActiveCfg = Release|Any CPU
		{48034C4F-2297-4C81-A6D0-62E06F5000FB}.Release|Any CPU.Build.0 = Release|Any CPU
		{48034C4F-2297-4C81-A6D0-62E06F5000FB}.Release|x64.ActiveCfg = Release|x64
		{48034C4F-2297-4C81-A6D0-62E06F5000FB}.Release|x64.Build.0 = Release|x64
		{68145EB9-F260-434A-A3CE-CF15A359D880}.Debug|Any CPU.ActiveCfg = Debug|Any CPU
		{68145EB9-F260-434A-A3CE-CF15A359D880}.Debug|Any CPU.Build.0 = Debug|Any CPU
		{68145EB9-F260-434A-A3CE-CF15A359D880}.Debug|x64.ActiveCfg = Debug|x64
		{68145EB9-F260-434A-A3CE-CF15A359D880}.Debug|x64.Build.0 = Debug|x64
		{68145EB9-F260-434A-A3CE-CF15A359D880}.Release|Any CPU.ActiveCfg = Release|Any CPU
		{68145EB9-F260-434A-A3CE-CF15A359D880}.Release|Any CPU.Build.0 = Release|Any CPU
		{68145EB9-F260-434A-A3CE-CF15A359D880}.Release|x64.ActiveCfg = Release|x64
		{68145EB9-F260-434A-A3CE-CF15A359D880}.Release|x64.Build.0 = Release|x64
		{7D367343-508E-48EB-B6E5-11E3F17932BE}.Debug|Any CPU.ActiveCfg = Debug|Any CPU
		{7D367343-508E-48EB-B6E5-11E3F17932BE}.Debug|Any CPU.Build.0 = Debug|Any CPU
		{7D367343-508E-48EB-B6E5-11E3F17932BE}.Debug|x64.ActiveCfg = Debug|x64
		{7D367343-508E-48EB-B6E5-11E3F17932BE}.Debug|x64.Build.0 = Debug|x64
		{7D367343-508E-48EB-B6E5-11E3F17932BE}.Release|Any CPU.ActiveCfg = Release|Any CPU
		{7D367343-508E-48EB-B6E5-11E3F17932BE}.Release|Any CPU.Build.0 = Release|Any CPU
		{7D367343-508E-48EB-B6E5-11E3F17932BE}.Release|x64.ActiveCfg = Release|x64
		{7D367343-508E-48EB-B6E5-11E3F17932BE}.Release|x64.Build.0 = Release|x64
		{B0F792CE-B697-4652-A8B9-8AF086B89717}.Debug|Any CPU.ActiveCfg = Debug|Any CPU
		{B0F792CE-B697-4652-A8B9-8AF086B89717}.Debug|Any CPU.Build.0 = Debug|Any CPU
		{B0F792CE-B697-4652-A8B9-8AF086B89717}.Debug|x64.ActiveCfg = Debug|Any CPU
		{B0F792CE-B697-4652-A8B9-8AF086B89717}.Debug|x64.Build.0 = Debug|Any CPU
		{B0F792CE-B697-4652-A8B9-8AF086B89717}.Release|Any CPU.ActiveCfg = Release|Any CPU
		{B0F792CE-B697-4652-A8B9-8AF086B89717}.Release|Any CPU.Build.0 = Release|Any CPU
		{B0F792CE-B697-4652-A8B9-8AF086B89717}.Release|x64.ActiveCfg = Release|Any CPU
		{B0F792CE-B697-4652-A8B9-8AF086B89717}.Release|x64.Build.0 = Release|Any CPU
	EndGlobalSection
	GlobalSection(SolutionProperties) = preSolution
		HideSolutionNode = FALSE
	EndGlobalSection
	GlobalSection(ExtensibilityGlobals) = postSolution
		SolutionGuid = {B7891D47-7EA2-467F-89B8-70C5B0F4DD4F}
	EndGlobalSection
EndGlobal
